
Microsoft Visual Studio Solution File, Format Version 11.00
# Visual Studio 2010
Project("{2150E333-8FDC-42A3-9474-1A3956D46DE8}") = "Solution Items", "Solution Items", "{1928AC3C-C262-446C-939E-E7D33746958A}"
	ProjectSection(SolutionItems) = preProject
		LocalTestRun.testrunconfig = LocalTestRun.testrunconfig
		MacroScope1.vsmdi = MacroScope1.vsmdi
		MacroScope10.vsmdi = MacroScope10.vsmdi
		MacroScope2.vsmdi = MacroScope2.vsmdi
		MacroScope3.vsmdi = MacroScope3.vsmdi
		MacroScope4.vsmdi = MacroScope4.vsmdi
		MacroScope5.vsmdi = MacroScope5.vsmdi
		MacroScope6.vsmdi = MacroScope6.vsmdi
		MacroScope7.vsmdi = MacroScope7.vsmdi
		MacroScope8.vsmdi = MacroScope8.vsmdi
		MacroScope9.vsmdi = MacroScope9.vsmdi
	EndProjectSection
EndProject
Project("{FAE04EC0-301F-11D3-BF4B-00C04F79EFBC}") = "TestDBApp", "TestDBApp\TestDBApp.csproj", "{D1805E47-CFF0-4DB3-8338-B0F2E4CF8039}"
EndProject
Project("{FAE04EC0-301F-11D3-BF4B-00C04F79EFBC}") = "MockDBMS", "MockDBMS\MockDBMS.csproj", "{86F2EB11-7741-4A84-8180-09D40F31BF44}"
EndProject
Project("{FAE04EC0-301F-11D3-BF4B-00C04F79EFBC}") = "MacroScopeCE", "MacroScopeCE\MacroScopeCE.csproj", "{8F9A61F8-9732-42B4-BDE0-DA7808BE9264}"
EndProject
Project("{FAE04EC0-301F-11D3-BF4B-00C04F79EFBC}") = "ExampleCode", "ConsoleApplication1\ExampleCode.csproj", "{00F06DF6-5E8B-4DF4-8379-557317862BC1}"
EndProject
Global
	GlobalSection(TestCaseManagementSettings) = postSolution
		CategoryFile = MacroScope10.vsmdi
	EndGlobalSection
	GlobalSection(SolutionConfigurationPlatforms) = preSolution
		Debug|Any CPU = Debug|Any CPU
		HieararGridTest|Any CPU = HieararGridTest|Any CPU
		MQSQLTest|Any CPU = MQSQLTest|Any CPU
		ParserTester|Any CPU = ParserTester|Any CPU
		Release|Any CPU = Release|Any CPU
	EndGlobalSection
	GlobalSection(ProjectConfigurationPlatforms) = postSolution
		{D1805E47-CFF0-4DB3-8338-B0F2E4CF8039}.Debug|Any CPU.ActiveCfg = Debug|Any CPU
		{D1805E47-CFF0-4DB3-8338-B0F2E4CF8039}.Debug|Any CPU.Build.0 = Debug|Any CPU
		{D1805E47-CFF0-4DB3-8338-B0F2E4CF8039}.HieararGridTest|Any CPU.ActiveCfg = Release|Any CPU
		{D1805E47-CFF0-4DB3-8338-B0F2E4CF8039}.HieararGridTest|Any CPU.Build.0 = Release|Any CPU
		{D1805E47-CFF0-4DB3-8338-B0F2E4CF8039}.MQSQLTest|Any CPU.ActiveCfg = Release|Any CPU
		{D1805E47-CFF0-4DB3-8338-B0F2E4CF8039}.MQSQLTest|Any CPU.Build.0 = Release|Any CPU
		{D1805E47-CFF0-4DB3-8338-B0F2E4CF8039}.ParserTester|Any CPU.ActiveCfg = Release|Any CPU
		{D1805E47-CFF0-4DB3-8338-B0F2E4CF8039}.ParserTester|Any CPU.Build.0 = Release|Any CPU
		{D1805E47-CFF0-4DB3-8338-B0F2E4CF8039}.Release|Any CPU.ActiveCfg = Release|Any CPU
		{D1805E47-CFF0-4DB3-8338-B0F2E4CF8039}.Release|Any CPU.Build.0 = Release|Any CPU
		{86F2EB11-7741-4A84-8180-09D40F31BF44}.Debug|Any CPU.ActiveCfg = Debug|Any CPU
		{86F2EB11-7741-4A84-8180-09D40F31BF44}.Debug|Any CPU.Build.0 = Debug|Any CPU
		{86F2EB11-7741-4A84-8180-09D40F31BF44}.HieararGridTest|Any CPU.ActiveCfg = Release|Any CPU
		{86F2EB11-7741-4A84-8180-09D40F31BF44}.HieararGridTest|Any CPU.Build.0 = Release|Any CPU
		{86F2EB11-7741-4A84-8180-09D40F31BF44}.MQSQLTest|Any CPU.ActiveCfg = Release|Any CPU
		{86F2EB11-7741-4A84-8180-09D40F31BF44}.MQSQLTest|Any CPU.Build.0 = Release|Any CPU
		{86F2EB11-7741-4A84-8180-09D40F31BF44}.ParserTester|Any CPU.ActiveCfg = Release|Any CPU
		{86F2EB11-7741-4A84-8180-09D40F31BF44}.ParserTester|Any CPU.Build.0 = Release|Any CPU
		{86F2EB11-7741-4A84-8180-09D40F31BF44}.Release|Any CPU.ActiveCfg = Release|Any CPU
		{86F2EB11-7741-4A84-8180-09D40F31BF44}.Release|Any CPU.Build.0 = Release|Any CPU
		{8F9A61F8-9732-42B4-BDE0-DA7808BE9264}.Debug|Any CPU.ActiveCfg = Debug|Any CPU
		{8F9A61F8-9732-42B4-BDE0-DA7808BE9264}.Debug|Any CPU.Build.0 = Debug|Any CPU
		{8F9A61F8-9732-42B4-BDE0-DA7808BE9264}.HieararGridTest|Any CPU.ActiveCfg = Release|Any CPU
		{8F9A61F8-9732-42B4-BDE0-DA7808BE9264}.HieararGridTest|Any CPU.Build.0 = Release|Any CPU
		{8F9A61F8-9732-42B4-BDE0-DA7808BE9264}.MQSQLTest|Any CPU.ActiveCfg = Release|Any CPU
		{8F9A61F8-9732-42B4-BDE0-DA7808BE9264}.MQSQLTest|Any CPU.Build.0 = Release|Any CPU
		{8F9A61F8-9732-42B4-BDE0-DA7808BE9264}.ParserTester|Any CPU.ActiveCfg = Release|Any CPU
		{8F9A61F8-9732-42B4-BDE0-DA7808BE9264}.ParserTester|Any CPU.Build.0 = Release|Any CPU
		{8F9A61F8-9732-42B4-BDE0-DA7808BE9264}.Release|Any CPU.ActiveCfg = Release|Any CPU
		{8F9A61F8-9732-42B4-BDE0-DA7808BE9264}.Release|Any CPU.Build.0 = Release|Any CPU
		{00F06DF6-5E8B-4DF4-8379-557317862BC1}.Debug|Any CPU.ActiveCfg = Debug|Any CPU
		{00F06DF6-5E8B-4DF4-8379-557317862BC1}.Debug|Any CPU.Build.0 = Debug|Any CPU
		{00F06DF6-5E8B-4DF4-8379-557317862BC1}.HieararGridTest|Any CPU.ActiveCfg = Release|Any CPU
		{00F06DF6-5E8B-4DF4-8379-557317862BC1}.HieararGridTest|Any CPU.Build.0 = Release|Any CPU
		{00F06DF6-5E8B-4DF4-8379-557317862BC1}.MQSQLTest|Any CPU.ActiveCfg = Release|Any CPU
		{00F06DF6-5E8B-4DF4-8379-557317862BC1}.MQSQLTest|Any CPU.Build.0 = Release|Any CPU
		{00F06DF6-5E8B-4DF4-8379-557317862BC1}.ParserTester|Any CPU.ActiveCfg = Release|Any CPU
		{00F06DF6-5E8B-4DF4-8379-557317862BC1}.ParserTester|Any CPU.Build.0 = Release|Any CPU
		{00F06DF6-5E8B-4DF4-8379-557317862BC1}.Release|Any CPU.ActiveCfg = Release|Any CPU
		{00F06DF6-5E8B-4DF4-8379-557317862BC1}.Release|Any CPU.Build.0 = Release|Any CPU
	EndGlobalSection
	GlobalSection(SolutionProperties) = preSolution
		HideSolutionNode = FALSE
	EndGlobalSection
EndGlobal
